
Microsoft Visual Studio Solution File, Format Version 12.00
# Visual Studio Version 17
VisualStudioVersion = 17.6.33829.357
MinimumVisualStudioVersion = 10.0.40219.1
Project("{9A19103F-16F7-4668-BE54-9A1E7A4F7556}") = "TocnoVrijeme", "TocnoVrijeme\TocnoVrijeme.csproj", "{ECBB01B7-160E-4F4E-A44D-64F561F3B34E}"
EndProject
Project("{9A19103F-16F7-4668-BE54-9A1E7A4F7556}") = "ProsjekOcjena", "ProsjekOcjena\ProsjekOcjena.csproj", "{D23B4DBB-621C-4B81-B01B-9E83287323BD}"
EndProject
Project("{9A19103F-16F7-4668-BE54-9A1E7A4F7556}") = "ProsjekOcjena_TryParse", "ProsjekOcjena_TryParse\ProsjekOcjena_TryParse.csproj", "{8351E88D-2A24-4C6F-9E20-7C25EC607251}"
EndProject
Project("{9A19103F-16F7-4668-BE54-9A1E7A4F7556}") = "DatumiRodenja", "DatumiRodenja\DatumiRodenja.csproj", "{BB1608A2-E8EE-4BFA-A974-CFB9EBEA83A4}"
EndProject
Project("{9A19103F-16F7-4668-BE54-9A1E7A4F7556}") = "DaniMjeseca", "DaniMjeseca\DaniMjeseca.csproj", "{40B70D2B-9A95-4AE5-97C3-E510745B4EE0}"
EndProject
Project("{9A19103F-16F7-4668-BE54-9A1E7A4F7556}") = "PogadanjeBroja", "PogadanjeBroja\PogadanjeBroja.csproj", "{59719FAD-9201-4CF9-A0DE-6EA25EFA4037}"
EndProject
Project("{9A19103F-16F7-4668-BE54-9A1E7A4F7556}") = "Djelitelji", "Djelitelji\Djelitelji.csproj", "{96381343-83ED-4FE7-89C4-E114BB166641}"
EndProject
Project("{FAE04EC0-301F-11D3-BF4B-00C04F79EFBC}") = "IzracunKamata", "IzracunKamata\IzracunKamata.csproj", "{F3424979-3B6E-47AD-A264-253A960BF616}"
EndProject
Project("{FAE04EC0-301F-11D3-BF4B-00C04F79EFBC}") = "PrimjerIzlazniParametri", "PrimjerIzlazniParametri\PrimjerIzlazniParametri.csproj", "{E285A935-89BC-45FA-B433-8D3AE6ECBADD}"
EndProject
Project("{FAE04EC0-301F-11D3-BF4B-00C04F79EFBC}") = "OtplataKredita", "OtplataKredita\OtplataKredita.csproj", "{1D331419-E7A3-4689-9B28-81008995EBFA}"
EndProject
Global
	GlobalSection(SolutionConfigurationPlatforms) = preSolution
		Debug|Any CPU = Debug|Any CPU
		Release|Any CPU = Release|Any CPU
	EndGlobalSection
	GlobalSection(ProjectConfigurationPlatforms) = postSolution
		{ECBB01B7-160E-4F4E-A44D-64F561F3B34E}.Debug|Any CPU.ActiveCfg = Debug|Any CPU
		{ECBB01B7-160E-4F4E-A44D-64F561F3B34E}.Debug|Any CPU.Build.0 = Debug|Any CPU
		{ECBB01B7-160E-4F4E-A44D-64F561F3B34E}.Release|Any CPU.ActiveCfg = Release|Any CPU
		{ECBB01B7-160E-4F4E-A44D-64F561F3B34E}.Release|Any CPU.Build.0 = Release|Any CPU
		{D23B4DBB-621C-4B81-B01B-9E83287323BD}.Debug|Any CPU.ActiveCfg = Debug|Any CPU
		{D23B4DBB-621C-4B81-B01B-9E83287323BD}.Debug|Any CPU.Build.0 = Debug|Any CPU
		{D23B4DBB-621C-4B81-B01B-9E83287323BD}.Release|Any CPU.ActiveCfg = Release|Any CPU
		{D23B4DBB-621C-4B81-B01B-9E83287323BD}.Release|Any CPU.Build.0 = Release|Any CPU
		{8351E88D-2A24-4C6F-9E20-7C25EC607251}.Debug|Any CPU.ActiveCfg = Debug|Any CPU
		{8351E88D-2A24-4C6F-9E20-7C25EC607251}.Debug|Any CPU.Build.0 = Debug|Any CPU
		{8351E88D-2A24-4C6F-9E20-7C25EC607251}.Release|Any CPU.ActiveCfg = Release|Any CPU
		{8351E88D-2A24-4C6F-9E20-7C25EC607251}.Release|Any CPU.Build.0 = Release|Any CPU
		{BB1608A2-E8EE-4BFA-A974-CFB9EBEA83A4}.Debug|Any CPU.ActiveCfg = Debug|Any CPU
		{BB1608A2-E8EE-4BFA-A974-CFB9EBEA83A4}.Debug|Any CPU.Build.0 = Debug|Any CPU
		{BB1608A2-E8EE-4BFA-A974-CFB9EBEA83A4}.Release|Any CPU.ActiveCfg = Release|Any CPU
		{BB1608A2-E8EE-4BFA-A974-CFB9EBEA83A4}.Release|Any CPU.Build.0 = Release|Any CPU
		{40B70D2B-9A95-4AE5-97C3-E510745B4EE0}.Debug|Any CPU.ActiveCfg = Debug|Any CPU
		{40B70D2B-9A95-4AE5-97C3-E510745B4EE0}.Debug|Any CPU.Build.0 = Debug|Any CPU
		{40B70D2B-9A95-4AE5-97C3-E510745B4EE0}.Release|Any CPU.ActiveCfg = Release|Any CPU
		{40B70D2B-9A95-4AE5-97C3-E510745B4EE0}.Release|Any CPU.Build.0 = Release|Any CPU
		{59719FAD-9201-4CF9-A0DE-6EA25EFA4037}.Debug|Any CPU.ActiveCfg = Debug|Any CPU
		{59719FAD-9201-4CF9-A0DE-6EA25EFA4037}.Debug|Any CPU.Build.0 = Debug|Any CPU
		{59719FAD-9201-4CF9-A0DE-6EA25EFA4037}.Release|Any CPU.ActiveCfg = Release|Any CPU
		{59719FAD-9201-4CF9-A0DE-6EA25EFA4037}.Release|Any CPU.Build.0 = Release|Any CPU
		{96381343-83ED-4FE7-89C4-E114BB166641}.Debug|Any CPU.ActiveCfg = Debug|Any CPU
		{96381343-83ED-4FE7-89C4-E114BB166641}.Debug|Any CPU.Build.0 = Debug|Any CPU
		{96381343-83ED-4FE7-89C4-E114BB166641}.Release|Any CPU.ActiveCfg = Release|Any CPU
		{96381343-83ED-4FE7-89C4-E114BB166641}.Release|Any CPU.Build.0 = Release|Any CPU
		{F3424979-3B6E-47AD-A264-253A960BF616}.Debug|Any CPU.ActiveCfg = Debug|Any CPU
		{F3424979-3B6E-47AD-A264-253A960BF616}.Debug|Any CPU.Build.0 = Debug|Any CPU
		{F3424979-3B6E-47AD-A264-253A960BF616}.Release|Any CPU.ActiveCfg = Release|Any CPU
		{F3424979-3B6E-47AD-A264-253A960BF616}.Release|Any CPU.Build.0 = Release|Any CPU
		{E285A935-89BC-45FA-B433-8D3AE6ECBADD}.Debug|Any CPU.ActiveCfg = Debug|Any CPU
		{E285A935-89BC-45FA-B433-8D3AE6ECBADD}.Debug|Any CPU.Build.0 = Debug|Any CPU
		{E285A935-89BC-45FA-B433-8D3AE6ECBADD}.Release|Any CPU.ActiveCfg = Release|Any CPU
		{E285A935-89BC-45FA-B433-8D3AE6ECBADD}.Release|Any CPU.Build.0 = Release|Any CPU
		{1D331419-E7A3-4689-9B28-81008995EBFA}.Debug|Any CPU.ActiveCfg = Debug|Any CPU
		{1D331419-E7A3-4689-9B28-81008995EBFA}.Debug|Any CPU.Build.0 = Debug|Any CPU
		{1D331419-E7A3-4689-9B28-81008995EBFA}.Release|Any CPU.ActiveCfg = Release|Any CPU
		{1D331419-E7A3-4689-9B28-81008995EBFA}.Release|Any CPU.Build.0 = Release|Any CPU
	EndGlobalSection
	GlobalSection(SolutionProperties) = preSolution
		HideSolutionNode = FALSE
	EndGlobalSection
	GlobalSection(ExtensibilityGlobals) = postSolution
		SolutionGuid = {A7CADDCF-1FDD-4052-95C0-9F33AA645D4D}
	EndGlobalSection
EndGlobal
